
Microsoft Visual Studio Solution File, Format Version 10.00
# Visual Studio 2008
Project("{8BC9CEB8-8B4A-11D0-8D11-00A0C91BC942}") = "LoginWindow", "LoginWindow\LoginWindow.vcproj", "{0990BFBB-1C71-41C0-837D-5B60BE7D2089}"
EndProject
Project("{8BC9CEB8-8B4A-11D0-8D11-00A0C91BC942}") = "pure_win32", "pure_win32\pure_win32.vcproj", "{458F811D-1089-4627-B7EC-4AA56C166B4E}"
EndProject
Project("{8BC9CEB8-8B4A-11D0-8D11-00A0C91BC942}") = "test_sdiwnd", "test_sdiwnd\test_sdiwnd.vcproj", "{38E0D787-CB84-4B01-B77B-900D3888C6AC}"
EndProject
Project("{8BC9CEB8-8B4A-11D0-8D11-00A0C91BC942}") = "test_dialog", "test_dialog\test_dialog.vcproj", "{E1BD9948-D13B-485E-A1A9-8566EE904598}"
EndProject
Project("{8BC9CEB8-8B4A-11D0-8D11-00A0C91BC942}") = "t", "t\t.vcproj", "{FB64547C-1524-45F4-A05C-C063A7A2C3EE}"
EndProject
Project("{8BC9CEB8-8B4A-11D0-8D11-00A0C91BC942}") = "modal_dialog", "modal_dialog\modal_dialog.vcproj", "{F9C5A9E3-3043-4C8C-9829-DE93822E66DA}"
EndProject
Project("{8BC9CEB8-8B4A-11D0-8D11-00A0C91BC942}") = "modal_dialog_ax", "modal_dialog_ax\modal_dialog_ax.vcproj", "{4B5BE785-8A53-4E38-9A9B-1B9AD4CB4E89}"
EndProject
Project("{8BC9CEB8-8B4A-11D0-8D11-00A0C91BC942}") = "templatedlg", "templatedlg\templatedlg.vcproj", "{7ACFF66D-4AF5-4E60-91C4-1EC4BB24D397}"
EndProject
Project("{8BC9CEB8-8B4A-11D0-8D11-00A0C91BC942}") = "testtab", "testtab\testtab.vcproj", "{ADDC1CEE-CC2A-4C2B-8B40-CA9CCA9F90C0}"
EndProject
Project("{8BC9CEB8-8B4A-11D0-8D11-00A0C91BC942}") = "ImageAnimate", "ImageAnimate\ImageAnimate.vcproj", "{3D25B2FE-A17E-4F0C-B4D5-B64FA4740D88}"
EndProject
Global
	GlobalSection(SolutionConfigurationPlatforms) = preSolution
		Debug|Win32 = Debug|Win32
		Release|Win32 = Release|Win32
	EndGlobalSection
	GlobalSection(ProjectConfigurationPlatforms) = postSolution
		{0990BFBB-1C71-41C0-837D-5B60BE7D2089}.Debug|Win32.ActiveCfg = Debug|Win32
		{0990BFBB-1C71-41C0-837D-5B60BE7D2089}.Debug|Win32.Build.0 = Debug|Win32
		{0990BFBB-1C71-41C0-837D-5B60BE7D2089}.Release|Win32.ActiveCfg = Release|Win32
		{0990BFBB-1C71-41C0-837D-5B60BE7D2089}.Release|Win32.Build.0 = Release|Win32
		{458F811D-1089-4627-B7EC-4AA56C166B4E}.Debug|Win32.ActiveCfg = Debug|Win32
		{458F811D-1089-4627-B7EC-4AA56C166B4E}.Debug|Win32.Build.0 = Debug|Win32
		{458F811D-1089-4627-B7EC-4AA56C166B4E}.Release|Win32.ActiveCfg = Release|Win32
		{458F811D-1089-4627-B7EC-4AA56C166B4E}.Release|Win32.Build.0 = Release|Win32
		{38E0D787-CB84-4B01-B77B-900D3888C6AC}.Debug|Win32.ActiveCfg = Debug|Win32
		{38E0D787-CB84-4B01-B77B-900D3888C6AC}.Debug|Win32.Build.0 = Debug|Win32
		{38E0D787-CB84-4B01-B77B-900D3888C6AC}.Release|Win32.ActiveCfg = Release|Win32
		{38E0D787-CB84-4B01-B77B-900D3888C6AC}.Release|Win32.Build.0 = Release|Win32
		{E1BD9948-D13B-485E-A1A9-8566EE904598}.Debug|Win32.ActiveCfg = Debug|Win32
		{E1BD9948-D13B-485E-A1A9-8566EE904598}.Debug|Win32.Build.0 = Debug|Win32
		{E1BD9948-D13B-485E-A1A9-8566EE904598}.Release|Win32.ActiveCfg = Release|Win32
		{E1BD9948-D13B-485E-A1A9-8566EE904598}.Release|Win32.Build.0 = Release|Win32
		{FB64547C-1524-45F4-A05C-C063A7A2C3EE}.Debug|Win32.ActiveCfg = Debug|Win32
		{FB64547C-1524-45F4-A05C-C063A7A2C3EE}.Debug|Win32.Build.0 = Debug|Win32
		{FB64547C-1524-45F4-A05C-C063A7A2C3EE}.Release|Win32.ActiveCfg = Release|Win32
		{FB64547C-1524-45F4-A05C-C063A7A2C3EE}.Release|Win32.Build.0 = Release|Win32
		{F9C5A9E3-3043-4C8C-9829-DE93822E66DA}.Debug|Win32.ActiveCfg = Debug|Win32
		{F9C5A9E3-3043-4C8C-9829-DE93822E66DA}.Debug|Win32.Build.0 = Debug|Win32
		{F9C5A9E3-3043-4C8C-9829-DE93822E66DA}.Release|Win32.ActiveCfg = Release|Win32
		{F9C5A9E3-3043-4C8C-9829-DE93822E66DA}.Release|Win32.Build.0 = Release|Win32
		{4B5BE785-8A53-4E38-9A9B-1B9AD4CB4E89}.Debug|Win32.ActiveCfg = Debug|Win32
		{4B5BE785-8A53-4E38-9A9B-1B9AD4CB4E89}.Debug|Win32.Build.0 = Debug|Win32
		{4B5BE785-8A53-4E38-9A9B-1B9AD4CB4E89}.Release|Win32.ActiveCfg = Release|Win32
		{4B5BE785-8A53-4E38-9A9B-1B9AD4CB4E89}.Release|Win32.Build.0 = Release|Win32
		{7ACFF66D-4AF5-4E60-91C4-1EC4BB24D397}.Debug|Win32.ActiveCfg = Debug|Win32
		{7ACFF66D-4AF5-4E60-91C4-1EC4BB24D397}.Debug|Win32.Build.0 = Debug|Win32
		{7ACFF66D-4AF5-4E60-91C4-1EC4BB24D397}.Release|Win32.ActiveCfg = Release|Win32
		{7ACFF66D-4AF5-4E60-91C4-1EC4BB24D397}.Release|Win32.Build.0 = Release|Win32
		{ADDC1CEE-CC2A-4C2B-8B40-CA9CCA9F90C0}.Debug|Win32.ActiveCfg = Debug|Win32
		{ADDC1CEE-CC2A-4C2B-8B40-CA9CCA9F90C0}.Debug|Win32.Build.0 = Debug|Win32
		{ADDC1CEE-CC2A-4C2B-8B40-CA9CCA9F90C0}.Release|Win32.ActiveCfg = Release|Win32
		{ADDC1CEE-CC2A-4C2B-8B40-CA9CCA9F90C0}.Release|Win32.Build.0 = Release|Win32
		{3D25B2FE-A17E-4F0C-B4D5-B64FA4740D88}.Debug|Win32.ActiveCfg = Debug|Win32
		{3D25B2FE-A17E-4F0C-B4D5-B64FA4740D88}.Debug|Win32.Build.0 = Debug|Win32
		{3D25B2FE-A17E-4F0C-B4D5-B64FA4740D88}.Release|Win32.ActiveCfg = Release|Win32
		{3D25B2FE-A17E-4F0C-B4D5-B64FA4740D88}.Release|Win32.Build.0 = Release|Win32
	EndGlobalSection
	GlobalSection(SolutionProperties) = preSolution
		HideSolutionNode = FALSE
	EndGlobalSection
EndGlobal
